<?xml version="1.0" encoding="utf-8"?>
<Project ToolsVersion="4.0" xmlns="http://schemas.microsoft.com/developer/msbuild/2003">
  <ItemGroup>
    <Filter Include="Исходные файлы">
      <UniqueIdentifier>{4FC737F1-C7A5-4376-A066-2A32D752A2FF}</UniqueIdentifier>
      <Extensions>cpp;c;cc;cxx;def;odl;idl;hpj;bat;asm;asmx</Extensions>
    </Filter>
    <Filter Include="Файлы заголовков">
      <UniqueIdentifier>{93995380-89BD-4b04-88EB-625FBE52EBFB}</UniqueIdentifier>
      <Extensions>h;hh;hpp;hxx;hm;inl;inc;ipp;xsd</Extensions>
    </Filter>
    <Filter Include="Файлы ресурсов">
      <UniqueIdentifier>{67DA6AB6-F800-4c08-8B7A-83BB121AAD01}</UniqueIdentifier>
      <Extensions>rc;ico;cur;bmp;dlg;rc2;rct;bin;rgs;gif;jpg;jpeg;jpe;resx;tiff;tif;png;wav;mfcribbon-ms</Extensions>
    </Filter>
  </ItemGroup>
  <ItemGroup>
    <ClCompile Include="MainForm.cpp">
      <Filter>Исходные файлы</Filter>
    </ClCompile>
    <ClCompile Include="AboutForm.cpp">
      <Filter>Исходные файлы</Filter>
    </ClCompile>
    <ClCompile Include="AppSysSubProcess.cpp">
      <Filter>Исходные файлы</Filter>
    </ClCompile>
    <ClCompile Include="DeviceTab.cpp">
      <Filter>Исходные файлы</Filter>
    </ClCompile>
    <ClCompile Include="FoundsAllForm.cpp">
      <Filter>Исходные файлы</Filter>
    </ClCompile>
    <ClCompile Include="UpdateToolsForm.cpp">
      <Filter>Исходные файлы</Filter>
    </ClCompile>
    <ClCompile Include="MinerConfig.cpp">
      <Filter>Исходные файлы</Filter>
    </ClCompile>
    <ClCompile Include="mjson.cpp">
      <Filter>Исходные файлы</Filter>
    </ClCompile>
    <ClCompile Include="MapVoid.cpp">
      <Filter>Исходные файлы</Filter>
    </ClCompile>
    <ClCompile Include="SettingsForm.cpp">
      <Filter>Исходные файлы</Filter>
    </ClCompile>
  </ItemGroup>
  <ItemGroup>
    <ClInclude Include="MainForm.h">
      <Filter>Файлы заголовков</Filter>
    </ClInclude>
    <ClInclude Include="AboutForm.h">
      <Filter>Файлы заголовков</Filter>
    </ClInclude>
    <ClInclude Include="AppSysSubProcess.h">
      <Filter>Файлы заголовков</Filter>
    </ClInclude>
    <ClInclude Include="DeviceTab.h">
      <Filter>Файлы заголовков</Filter>
    </ClInclude>
    <ClInclude Include="resource.h">
      <Filter>Файлы заголовков</Filter>
    </ClInclude>
    <ClInclude Include="FoundsAllForm.h">
      <Filter>Файлы заголовков</Filter>
    </ClInclude>
    <ClInclude Include="UpdateToolsForm.h">
      <Filter>Файлы заголовков</Filter>
    </ClInclude>
    <ClInclude Include="MinerConfig.h">
      <Filter>Файлы заголовков</Filter>
    </ClInclude>
    <ClInclude Include="mjson.h">
      <Filter>Файлы заголовков</Filter>
    </ClInclude>
    <ClInclude Include="MapVoid.h">
      <Filter>Файлы заголовков</Filter>
    </ClInclude>
    <ClInclude Include="SettingsForm.h">
      <Filter>Файлы заголовков</Filter>
    </ClInclude>
  </ItemGroup>
  <ItemGroup>
    <EmbeddedResource Include="MainForm.resx">
      <Filter>Файлы ресурсов</Filter>
    </EmbeddedResource>
    <EmbeddedResource Include="AboutForm.resx">
      <Filter>Файлы ресурсов</Filter>
    </EmbeddedResource>
    <EmbeddedResource Include="DeviceTab.resx">
      <Filter>Файлы ресурсов</Filter>
    </EmbeddedResource>
    <EmbeddedResource Include="FoundsAllForm.resx">
      <Filter>Файлы ресурсов</Filter>
    </EmbeddedResource>
    <EmbeddedResource Include="UpdateToolsForm.resx">
      <Filter>Файлы ресурсов</Filter>
    </EmbeddedResource>
    <EmbeddedResource Include="SettingsForm.resx">
      <Filter>Файлы ресурсов</Filter>
    </EmbeddedResource>
  </ItemGroup>
  <ItemGroup>
    <ResourceCompile Include="TON-pow-miner-gpu-wingui.rc">
      <Filter>Файлы ресурсов</Filter>
    </ResourceCompile>
  </ItemGroup>
  <ItemGroup>
    <Image Include="app.ico">
      <Filter>Файлы ресурсов</Filter>
    </Image>
  </ItemGroup>
</Project>